PODS:
  - OAuthSwift (0.5.2)
  - SwiftyJSON (2.3.2)

DEPENDENCIES:
  - OAuthSwift
  - SwiftyJSON

SPEC CHECKSUMS:
  OAuthSwift: 1ef042d4362e755e24a78f158d817245641a5d24
  SwiftyJSON: 04ccea08915aa0109039157c7974cf0298da292a

PODFILE CHECKSUM: dcb91d296c11292723ebe4155a46e024dc50f639

COCOAPODS: 1.0.1
