// !$*UTF8*$!
{
	archiveVersion = 1;
	classes = {
	};
	objectVersion = 46;
	objects = {

/* Begin PBXBuildFile section */
		90C5A6F81D34223B00BD379C /* AppDelegate.swift in Sources */ = {isa = PBXBuildFile; fileRef = 90C5A6F71D34223B00BD379C /* AppDelegate.swift */; };
		90C5A6FA1D34223B00BD379C /* ViewController.swift in Sources */ = {isa = PBXBuildFile; fileRef = 90C5A6F91D34223B00BD379C /* ViewController.swift */; };
		90C5A6FD1D34223B00BD379C /* Main.storyboard in Resources */ = {isa = PBXBuildFile; fileRef = 90C5A6FB1D34223B00BD379C /* Main.storyboard */; };
		90C5A6FF1D34223B00BD379C /* Assets.xcassets in Resources */ = {isa = PBXBuildFile; fileRef = 90C5A6FE1D34223B00BD379C /* Assets.xcassets */; };
		90C5A7021D34223B00BD379C /* LaunchScreen.storyboard in Resources */ = {isa = PBXBuildFile; fileRef = 90C5A7001D34223B00BD379C /* LaunchScreen.storyboard */; };
		90C5A70D1D34223B00BD379C /* YelpAPI2Tests.swift in Sources */ = {isa = PBXBuildFile; fileRef = 90C5A70C1D34223B00BD379C /* YelpAPI2Tests.swift */; };
		90C5A7181D34223B00BD379C /* YelpAPI2UITests.swift in Sources */ = {isa = PBXBuildFile; fileRef = 90C5A7171D34223B00BD379C /* YelpAPI2UITests.swift */; };
/* End PBXBuildFile section */

/* Begin PBXContainerItemProxy section */
		90C5A7091D34223B00BD379C /* PBXContainerItemProxy */ = {
			isa = PBXContainerItemProxy;
			containerPortal = 90C5A6EC1D34223B00BD379C /* Project object */;
			proxyType = 1;
			remoteGlobalIDString = 90C5A6F31D34223B00BD379C;
			remoteInfo = YelpAPI2;
		};
		90C5A7141D34223B00BD379C /* PBXContainerItemProxy */ = {
			isa = PBXContainerItemProxy;
			containerPortal = 90C5A6EC1D34223B00BD379C /* Project object */;
			proxyType = 1;
			remoteGlobalIDString = 90C5A6F31D34223B00BD379C;
			remoteInfo = YelpAPI2;
		};
/* End PBXContainerItemProxy section */

/* Begin PBXFileReference section */
		90C5A6F41D34223B00BD379C /* YelpAPI2.app */ = {isa = PBXFileReference; explicitFileType = wrapper.application; includeInIndex = 0; path = YelpAPI2.app; sourceTree = BUILT_PRODUCTS_DIR; };
		90C5A6F71D34223B00BD379C /* AppDelegate.swift */ = {isa = PBXFileReference; lastKnownFileType = sourcecode.swift; path = AppDelegate.swift; sourceTree = "<group>"; };
		90C5A6F91D34223B00BD379C /* ViewController.swift */ = {isa = PBXFileReference; lastKnownFileType = sourcecode.swift; path = ViewController.swift; sourceTree = "<group>"; };
		90C5A6FC1D34223B00BD379C /* Base */ = {isa = PBXFileReference; lastKnownFileType = file.storyboard; name = Base; path = Base.lproj/Main.storyboard; sourceTree = "<group>"; };
		90C5A6FE1D34223B00BD379C /* Assets.xcassets */ = {isa = PBXFileReference; lastKnownFileType = folder.assetcatalog; path = Assets.xcassets; sourceTree = "<group>"; };
		90C5A7011D34223B00BD379C /* Base */ = {isa = PBXFileReference; lastKnownFileType = file.storyboard; name = Base; path = Base.lproj/LaunchScreen.storyboard; sourceTree = "<group>"; };
		90C5A7031D34223B00BD379C /* Info.plist */ = {isa = PBXFileReference; lastKnownFileType = text.plist.xml; path = Info.plist; sourceTree = "<group>"; };
		90C5A7081D34223B00BD379C /* YelpAPI2Tests.xctest */ = {isa = PBXFileReference; explicitFileType = wrapper.cfbundle; includeInIndex = 0; path = YelpAPI2Tests.xctest; sourceTree = BUILT_PRODUCTS_DIR; };
		90C5A70C1D34223B00BD379C /* YelpAPI2Tests.swift */ = {isa = PBXFileReference; lastKnownFileType = sourcecode.swift; path = YelpAPI2Tests.swift; sourceTree = "<group>"; };
		90C5A70E1D34223B00BD379C /* Info.plist */ = {isa = PBXFileReference; lastKnownFileType = text.plist.xml; path = Info.plist; sourceTree = "<group>"; };
		90C5A7131D34223B00BD379C /* YelpAPI2UITests.xctest */ = {isa = PBXFileReference; explicitFileType = wrapper.cfbundle; includeInIndex = 0; path = YelpAPI2UITests.xctest; sourceTree = BUILT_PRODUCTS_DIR; };
		90C5A7171D34223B00BD379C /* YelpAPI2UITests.swift */ = {isa = PBXFileReference; lastKnownFileType = sourcecode.swift; path = YelpAPI2UITests.swift; sourceTree = "<group>"; };
		90C5A7191D34223B00BD379C /* Info.plist */ = {isa = PBXFileReference; lastKnownFileType = text.plist.xml; path = Info.plist; sourceTree = "<group>"; };
/* End PBXFileReference section */

/* Begin PBXFrameworksBuildPhase section */
		90C5A6F11D34223B00BD379C /* Frameworks */ = {
			isa = PBXFrameworksBuildPhase;
			buildActionMask = 2147483647;
			files = (
			);
			runOnlyForDeploymentPostprocessing = 0;
		};
		90C5A7051D34223B00BD379C /* Frameworks */ = {
			isa = PBXFrameworksBuildPhase;
			buildActionMask = 2147483647;
			files = (
			);
			runOnlyForDeploymentPostprocessing = 0;
		};
		90C5A7101D34223B00BD379C /* Frameworks */ = {
			isa = PBXFrameworksBuildPhase;
			buildActionMask = 2147483647;
			files = (
			);
			runOnlyForDeploymentPostprocessing = 0;
		};
/* End PBXFrameworksBuildPhase section */

/* Begin PBXGroup section */
		90C5A6EB1D34223B00BD379C = {
			isa = PBXGroup;
			children = (
				90C5A6F61D34223B00BD379C /* YelpAPI2 */,
				90C5A70B1D34223B00BD379C /* YelpAPI2Tests */,
				90C5A7161D34223B00BD379C /* YelpAPI2UITests */,
				90C5A6F51D34223B00BD379C /* Products */,
			);
			sourceTree = "<group>";
		};
		90C5A6F51D34223B00BD379C /* Products */ = {
			isa = PBXGroup;
			children = (
				90C5A6F41D34223B00BD379C /* YelpAPI2.app */,
				90C5A7081D34223B00BD379C /* YelpAPI2Tests.xctest */,
				90C5A7131D34223B00BD379C /* YelpAPI2UITests.xctest */,
			);
			name = Products;
			sourceTree = "<group>";
		};
		90C5A6F61D34223B00BD379C /* YelpAPI2 */ = {
			isa = PBXGroup;
			children = (
				90C5A6F71D34223B00BD379C /* AppDelegate.swift */,
				90C5A6F91D34223B00BD379C /* ViewController.swift */,
				90C5A6FB1D34223B00BD379C /* Main.storyboard */,
				90C5A6FE1D34223B00BD379C /* Assets.xcassets */,
				90C5A7001D34223B00BD379C /* LaunchScreen.storyboard */,
				90C5A7031D34223B00BD379C /* Info.plist */,
			);
			path = YelpAPI2;
			sourceTree = "<group>";
		};
		90C5A70B1D34223B00BD379C /* YelpAPI2Tests */ = {
			isa = PBXGroup;
			children = (
				90C5A70C1D34223B00BD379C /* YelpAPI2Tests.swift */,
				90C5A70E1D34223B00BD379C /* Info.plist */,
			);
			path = YelpAPI2Tests;
			sourceTree = "<group>";
		};
		90C5A7161D34223B00BD379C /* YelpAPI2UITests */ = {
			isa = PBXGroup;
			children = (
				90C5A7171D34223B00BD379C /* YelpAPI2UITests.swift */,
				90C5A7191D34223B00BD379C /* Info.plist */,
			);
			path = YelpAPI2UITests;
			sourceTree = "<group>";
		};
/* End PBXGroup section */

/* Begin PBXNativeTarget section */
		90C5A6F31D34223B00BD379C /* YelpAPI2 */ = {
			isa = PBXNativeTarget;
			buildConfigurationList = 90C5A71C1D34223B00BD379C /* Build configuration list for PBXNativeTarget "YelpAPI2" */;
			buildPhases = (
				90C5A6F01D34223B00BD379C /* Sources */,
				90C5A6F11D34223B00BD379C /* Frameworks */,
				90C5A6F21D34223B00BD379C /* Resources */,
			);
			buildRules = (
			);
			dependencies = (
			);
			name = YelpAPI2;
			productName = YelpAPI2;
			productReference = 90C5A6F41D34223B00BD379C /* YelpAPI2.app */;
			productType = "com.apple.product-type.application";
		};
		90C5A7071D34223B00BD379C /* YelpAPI2Tests */ = {
			isa = PBXNativeTarget;
			buildConfigurationList = 90C5A71F1D34223B00BD379C /* Build configuration list for PBXNativeTarget "YelpAPI2Tests" */;
			buildPhases = (
				90C5A7041D34223B00BD379C /* Sources */,
				90C5A7051D34223B00BD379C /* Frameworks */,
				90C5A7061D34223B00BD379C /* Resources */,
			);
			buildRules = (
			);
			dependencies = (
				90C5A70A1D34223B00BD379C /* PBXTargetDependency */,
			);
			name = YelpAPI2Tests;
			productName = YelpAPI2Tests;
			productReference = 90C5A7081D34223B00BD379C /* YelpAPI2Tests.xctest */;
			productType = "com.apple.product-type.bundle.unit-test";
		};
		90C5A7121D34223B00BD379C /* YelpAPI2UITests */ = {
			isa = PBXNativeTarget;
			buildConfigurationList = 90C5A7221D34223B00BD379C /* Build configuration list for PBXNativeTarget "YelpAPI2UITests" */;
			buildPhases = (
				90C5A70F1D34223B00BD379C /* Sources */,
				90C5A7101D34223B00BD379C /* Frameworks */,
				90C5A7111D34223B00BD379C /* Resources */,
			);
			buildRules = (
			);
			dependencies = (
				90C5A7151D34223B00BD379C /* PBXTargetDependency */,
			);
			name = YelpAPI2UITests;
			productName = YelpAPI2UITests;
			productReference = 90C5A7131D34223B00BD379C /* YelpAPI2UITests.xctest */;
			productType = "com.apple.product-type.bundle.ui-testing";
		};
/* End PBXNativeTarget section */

/* Begin PBXProject section */
		90C5A6EC1D34223B00BD379C /* Project object */ = {
			isa = PBXProject;
			attributes = {
				LastSwiftUpdateCheck = 0730;
				LastUpgradeCheck = 0730;
				ORGANIZATIONNAME = "Willson Li";
				TargetAttributes = {
					90C5A6F31D34223B00BD379C = {
						CreatedOnToolsVersion = 7.3.1;
					};
					90C5A7071D34223B00BD379C = {
						CreatedOnToolsVersion = 7.3.1;
						TestTargetID = 90C5A6F31D34223B00BD379C;
					};
					90C5A7121D34223B00BD379C = {
						CreatedOnToolsVersion = 7.3.1;
						TestTargetID = 90C5A6F31D34223B00BD379C;
					};
				};
			};
			buildConfigurationList = 90C5A6EF1D34223B00BD379C /* Build configuration list for PBXProject "YelpAPI2" */;
			compatibilityVersion = "Xcode 3.2";
			developmentRegion = English;
			hasScannedForEncodings = 0;
			knownRegions = (
				en,
				Base,
			);
			mainGroup = 90C5A6EB1D34223B00BD379C;
			productRefGroup = 90C5A6F51D34223B00BD379C /* Products */;
			projectDirPath = "";
			projectRoot = "";
			targets = (
				90C5A6F31D34223B00BD379C /* YelpAPI2 */,
				90C5A7071D34223B00BD379C /* YelpAPI2Tests */,
				90C5A7121D34223B00BD379C /* YelpAPI2UITests */,
			);
		};
/* End PBXProject section */

/* Begin PBXResourcesBuildPhase section */
		90C5A6F21D34223B00BD379C /* Resources */ = {
			isa = PBXResourcesBuildPhase;
			buildActionMask = 2147483647;
			files = (
				90C5A7021D34223B00BD379C /* LaunchScreen.storyboard in Resources */,
				90C5A6FF1D34223B00BD379C /* Assets.xcassets in Resources */,
				90C5A6FD1D34223B00BD379C /* Main.storyboard in Resources */,
			);
			runOnlyForDeploymentPostprocessing = 0;
		};
		90C5A7061D34223B00BD379C /* Resources */ = {
			isa = PBXResourcesBuildPhase;
			buildActionMask = 2147483647;
			files = (
			);
			runOnlyForDeploymentPostprocessing = 0;
		};
		90C5A7111D34223B00BD379C /* Resources */ = {
			isa = PBXResourcesBuildPhase;
			buildActionMask = 2147483647;
			files = (
			);
			runOnlyForDeploymentPostprocessing = 0;
		};
/* End PBXResourcesBuildPhase section */

/* Begin PBXSourcesBuildPhase section */
		90C5A6F01D34223B00BD379C /* Sources */ = {
			isa = PBXSourcesBuildPhase;
			buildActionMask = 2147483647;
			files = (
				90C5A6FA1D34223B00BD379C /* ViewController.swift in Sources */,
				90C5A6F81D34223B00BD379C /* AppDelegate.swift in Sources */,
			);
			runOnlyForDeploymentPostprocessing = 0;
		};
		90C5A7041D34223B00BD379C /* Sources */ = {
			isa = PBXSourcesBuildPhase;
			buildActionMask = 2147483647;
			files = (
				90C5A70D1D34223B00BD379C /* YelpAPI2Tests.swift in Sources */,
			);
			runOnlyForDeploymentPostprocessing = 0;
		};
		90C5A70F1D34223B00BD379C /* Sources */ = {
			isa = PBXSourcesBuildPhase;
			buildActionMask = 2147483647;
			files = (
				90C5A7181D34223B00BD379C /* YelpAPI2UITests.swift in Sources */,
			);
			runOnlyForDeploymentPostprocessing = 0;
		};
/* End PBXSourcesBuildPhase section */

/* Begin PBXTargetDependency section */
		90C5A70A1D34223B00BD379C /* PBXTargetDependency */ = {
			isa = PBXTargetDependency;
			target = 90C5A6F31D34223B00BD379C /* YelpAPI2 */;
			targetProxy = 90C5A7091D34223B00BD379C /* PBXContainerItemProxy */;
		};
		90C5A7151D34223B00BD379C /* PBXTargetDependency */ = {
			isa = PBXTargetDependency;
			target = 90C5A6F31D34223B00BD379C /* YelpAPI2 */;
			targetProxy = 90C5A7141D34223B00BD379C /* PBXContainerItemProxy */;
		};
/* End PBXTargetDependency section */

/* Begin PBXVariantGroup section */
		90C5A6FB1D34223B00BD379C /* Main.storyboard */ = {
			isa = PBXVariantGroup;
			children = (
				90C5A6FC1D34223B00BD379C /* Base */,
			);
			name = Main.storyboard;
			sourceTree = "<group>";
		};
		90C5A7001D34223B00BD379C /* LaunchScreen.storyboard */ = {
			isa = PBXVariantGroup;
			children = (
				90C5A7011D34223B00BD379C /* Base */,
			);
			name = LaunchScreen.storyboard;
			sourceTree = "<group>";
		};
/* End PBXVariantGroup section */

/* Begin XCBuildConfiguration section */
		90C5A71A1D34223B00BD379C /* Debug */ = {
			isa = XCBuildConfiguration;
			buildSettings = {
				ALWAYS_SEARCH_USER_PATHS = NO;
				CLANG_ANALYZER_NONNULL = YES;
				CLANG_CXX_LANGUAGE_STANDARD = "gnu++0x";
				CLANG_CXX_LIBRARY = "libc++";
				CLANG_ENABLE_MODULES = YES;
				CLANG_ENABLE_OBJC_ARC = YES;
				CLANG_WARN_BOOL_CONVERSION = YES;
				CLANG_WARN_CONSTANT_CONVERSION = YES;
				CLANG_WARN_DIRECT_OBJC_ISA_USAGE = YES_ERROR;
				CLANG_WARN_EMPTY_BODY = YES;
				CLANG_WARN_ENUM_CONVERSION = YES;
				CLANG_WARN_INT_CONVERSION = YES;
				CLANG_WARN_OBJC_ROOT_CLASS = YES_ERROR;
				CLANG_WARN_UNREACHABLE_CODE = YES;
				CLANG_WARN__DUPLICATE_METHOD_MATCH = YES;
				"CODE_SIGN_IDENTITY[sdk=iphoneos*]" = "iPhone Developer";
				COPY_PHASE_STRIP = NO;
				DEBUG_INFORMATION_FORMAT = dwarf;
				ENABLE_STRICT_OBJC_MSGSEND = YES;
				ENABLE_TESTABILITY = YES;
				GCC_C_LANGUAGE_STANDARD = gnu99;
				GCC_DYNAMIC_NO_PIC = NO;
				GCC_NO_COMMON_BLOCKS = YES;
				GCC_OPTIMIZATION_LEVEL = 0;
				GCC_PREPROCESSOR_DEFINITIONS = (
					"DEBUG=1",
					"$(inherited)",
				);
				GCC_WARN_64_TO_32_BIT_CONVERSION = YES;
				GCC_WARN_ABOUT_RETURN_TYPE = YES_ERROR;
				GCC_WARN_UNDECLARED_SELECTOR = YES;
				GCC_WARN_UNINITIALIZED_AUTOS = YES_AGGRESSIVE;
				GCC_WARN_UNUSED_FUNCTION = YES;
				GCC_WARN_UNUSED_VARIABLE = YES;
				IPHONEOS_DEPLOYMENT_TARGET = 9.3;
				MTL_ENABLE_DEBUG_INFO = YES;
				ONLY_ACTIVE_ARCH = YES;
				SDKROOT = iphoneos;
				SWIFT_OPTIMIZATION_LEVEL = "-Onone";
				TARGETED_DEVICE_FAMILY = "1,2";
			};
			name = Debug;
		};
		90C5A71B1D34223B00BD379C /* Release */ = {
			isa = XCBuildConfiguration;
			buildSettings = {
				ALWAYS_SEARCH_USER_PATHS = NO;
				CLANG_ANALYZER_NONNULL = YES;
				CLANG_CXX_LANGUAGE_STANDARD = "gnu++0x";
				CLANG_CXX_LIBRARY = "libc++";
				CLANG_ENABLE_MODULES = YES;
				CLANG_ENABLE_OBJC_ARC = YES;
				CLANG_WARN_BOOL_CONVERSION = YES;
				CLANG_WARN_CONSTANT_CONVERSION = YES;
				CLANG_WARN_DIRECT_OBJC_ISA_USAGE = YES_ERROR;
				CLANG_WARN_EMPTY_BODY = YES;
				CLANG_WARN_ENUM_CONVERSION = YES;
				CLANG_WARN_INT_CONVERSION = YES;
				CLANG_WARN_OBJC_ROOT_CLASS = YES_ERROR;
				CLANG_WARN_UNREACHABLE_CODE = YES;
				CLANG_WARN__DUPLICATE_METHOD_MATCH = YES;
				"CODE_SIGN_IDENTITY[sdk=iphoneos*]" = "iPhone Developer";
				COPY_PHASE_STRIP = NO;
				DEBUG_INFORMATION_FORMAT = "dwarf-with-dsym";
				ENABLE_NS_ASSERTIONS = NO;
				ENABLE_STRICT_OBJC_MSGSEND = YES;
				GCC_C_LANGUAGE_STANDARD = gnu99;
				GCC_NO_COMMON_BLOCKS = YES;
				GCC_WARN_64_TO_32_BIT_CONVERSION = YES;
				GCC_WARN_ABOUT_RETURN_TYPE = YES_ERROR;
				GCC_WARN_UNDECLARED_SELECTOR = YES;
				GCC_WARN_UNINITIALIZED_AUTOS = YES_AGGRESSIVE;
				GCC_WARN_UNUSED_FUNCTION = YES;
				GCC_WARN_UNUSED_VARIABLE = YES;
				IPHONEOS_DEPLOYMENT_TARGET = 9.3;
				MTL_ENABLE_DEBUG_INFO = NO;
				SDKROOT = iphoneos;
				TARGETED_DEVICE_FAMILY = "1,2";
				VALIDATE_PRODUCT = YES;
			};
			name = Release;
		};
		90C5A71D1D34223B00BD379C /* Debug */ = {
			isa = XCBuildConfiguration;
			buildSettings = {
				ASSETCATALOG_COMPILER_APPICON_NAME = AppIcon;
				INFOPLIST_FILE = YelpAPI2/Info.plist;
				LD_RUNPATH_SEARCH_PATHS = "$(inherited) @executable_path/Frameworks";
				PRODUCT_BUNDLE_IDENTIFIER = "Willson-Li-Make-School.YelpAPI2";
				PRODUCT_NAME = "$(TARGET_NAME)";
			};
			name = Debug;
		};
		90C5A71E1D34223B00BD379C /* Release */ = {
			isa = XCBuildConfiguration;
			buildSettings = {
				ASSETCATALOG_COMPILER_APPICON_NAME = AppIcon;
				INFOPLIST_FILE = YelpAPI2/Info.plist;
				LD_RUNPATH_SEARCH_PATHS = "$(inherited) @executable_path/Frameworks";
				PRODUCT_BUNDLE_IDENTIFIER = "Willson-Li-Make-School.YelpAPI2";
				PRODUCT_NAME = "$(TARGET_NAME)";
			};
			name = Release;
		};
		90C5A7201D34223B00BD379C /* Debug */ = {
			isa = XCBuildConfiguration;
			buildSettings = {
				BUNDLE_LOADER = "$(TEST_HOST)";
				INFOPLIST_FILE = YelpAPI2Tests/Info.plist;
				LD_RUNPATH_SEARCH_PATHS = "$(inherited) @executable_path/Frameworks @loader_path/Frameworks";
				PRODUCT_BUNDLE_IDENTIFIER = "Willson-Li-Make-School.YelpAPI2Tests";
				PRODUCT_NAME = "$(TARGET_NAME)";
				TEST_HOST = "$(BUILT_PRODUCTS_DIR)/YelpAPI2.app/YelpAPI2";
			};
			name = Debug;
		};
		90C5A7211D34223B00BD379C /* Release */ = {
			isa = XCBuildConfiguration;
			buildSettings = {
				BUNDLE_LOADER = "$(TEST_HOST)";
				INFOPLIST_FILE = YelpAPI2Tests/Info.plist;
				LD_RUNPATH_SEARCH_PATHS = "$(inherited) @executable_path/Frameworks @loader_path/Frameworks";
				PRODUCT_BUNDLE_IDENTIFIER = "Willson-Li-Make-School.YelpAPI2Tests";
				PRODUCT_NAME = "$(TARGET_NAME)";
				TEST_HOST = "$(BUILT_PRODUCTS_DIR)/YelpAPI2.app/YelpAPI2";
			};
			name = Release;
		};
		90C5A7231D34223B00BD379C /* Debug */ = {
			isa = XCBuildConfiguration;
			buildSettings = {
				INFOPLIST_FILE = YelpAPI2UITests/Info.plist;
				LD_RUNPATH_SEARCH_PATHS = "$(inherited) @executable_path/Frameworks @loader_path/Frameworks";
				PRODUCT_BUNDLE_IDENTIFIER = "Willson-Li-Make-School.YelpAPI2UITests";
				PRODUCT_NAME = "$(TARGET_NAME)";
				TEST_TARGET_NAME = YelpAPI2;
			};
			name = Debug;
		};
		90C5A7241D34223B00BD379C /* Release */ = {
			isa = XCBuildConfiguration;
			buildSettings = {
				INFOPLIST_FILE = YelpAPI2UITests/Info.plist;
				LD_RUNPATH_SEARCH_PATHS = "$(inherited) @executable_path/Frameworks @loader_path/Frameworks";
				PRODUCT_BUNDLE_IDENTIFIER = "Willson-Li-Make-School.YelpAPI2UITests";
				PRODUCT_NAME = "$(TARGET_NAME)";
				TEST_TARGET_NAME = YelpAPI2;
			};
			name = Release;
		};
/* End XCBuildConfiguration section */

/* Begin XCConfigurationList section */
		90C5A6EF1D34223B00BD379C /* Build configuration list for PBXProject "YelpAPI2" */ = {
			isa = XCConfigurationList;
			buildConfigurations = (
				90C5A71A1D34223B00BD379C /* Debug */,
				90C5A71B1D34223B00BD379C /* Release */,
			);
			defaultConfigurationIsVisible = 0;
			defaultConfigurationName = Release;
		};
		90C5A71C1D34223B00BD379C /* Build configuration list for PBXNativeTarget "YelpAPI2" */ = {
			isa = XCConfigurationList;
			buildConfigurations = (
				90C5A71D1D34223B00BD379C /* Debug */,
				90C5A71E1D34223B00BD379C /* Release */,
			);
			defaultConfigurationIsVisible = 0;
		};
		90C5A71F1D34223B00BD379C /* Build configuration list for PBXNativeTarget "YelpAPI2Tests" */ = {
			isa = XCConfigurationList;
			buildConfigurations = (
				90C5A7201D34223B00BD379C /* Debug */,
				90C5A7211D34223B00BD379C /* Release */,
			);
			defaultConfigurationIsVisible = 0;
		};
		90C5A7221D34223B00BD379C /* Build configuration list for PBXNativeTarget "YelpAPI2UITests" */ = {
			isa = XCConfigurationList;
			buildConfigurations = (
				90C5A7231D34223B00BD379C /* Debug */,
				90C5A7241D34223B00BD379C /* Release */,
			);
			defaultConfigurationIsVisible = 0;
		};
/* End XCConfigurationList section */
	};
	rootObject = 90C5A6EC1D34223B00BD379C /* Project object */;
}
